
Microsoft Visual Studio Solution File, Format Version 12.00
# Visual Studio Version 16
VisualStudioVersion = 16.0.30621.155
MinimumVisualStudioVersion = 10.0.40219.1
Project("{FAE04EC0-301F-11D3-BF4B-00C04F79EFBC}") = "Ukrainian_propaganda", "Ukrainian_propaganda\Ukrainian_propaganda.csproj", "{ABF23978-488F-40FF-AA40-28B1B79602D2}"
EndProject
Global
	GlobalSection(SolutionConfigurationPlatforms) = preSolution
		Debug|Any CPU = Debug|Any CPU
		Release|Any CPU = Release|Any CPU
	EndGlobalSection
	GlobalSection(ProjectConfigurationPlatforms) = postSolution
		{ABF23978-488F-40FF-AA40-28B1B79602D2}.Debug|Any CPU.ActiveCfg = Debug|Any CPU
		{ABF23978-488F-40FF-AA40-28B1B79602D2}.Debug|Any CPU.Build.0 = Debug|Any CPU
		{ABF23978-488F-40FF-AA40-28B1B79602D2}.Release|Any CPU.ActiveCfg = Release|Any CPU
		{ABF23978-488F-40FF-AA40-28B1B79602D2}.Release|Any CPU.Build.0 = Release|Any CPU
	EndGlobalSection
	GlobalSection(SolutionProperties) = preSolution
		HideSolutionNode = FALSE
	EndGlobalSection
	GlobalSection(ExtensibilityGlobals) = postSolution
		SolutionGuid = {816ABC86-5EDC-498E-89C8-39EA92B00651}
	EndGlobalSection
EndGlobal
